version = 1
revision = 3
requires-python = ">=3.14"

[[package]]
name = "asgiref"
version = "3.12.1"
source = { registry = "https://pypi.org/simple" }
sdist = { url = "https://files.pythonhosted.org/packages/e6/26/3b59f2bdae5f640389becb1f673cded775287f5fc4f816309d9ca9a3f93d/asgiref-3.12.1.tar.gz", hash = "sha256:59dcb51c272ad209d59bed5708a64a333083e86017d7fcdd67498eeab7784340", size = 42378, upload-time = "2026-07-14T09:56:18.087Z" }
wheels = [
    { url = "https://files.pythonhosted.org/packages/c0/1b/54f4ad77cd8a584fa70746c47df988e002cf1ee1eba43364d46f87803647/asgiref-3.12.1-py3-none-any.whl", hash = "sha256:fe386d1c2bff7259ea95929266d12a8cf9a8b5a1c2598402967d8792e7a7c094", size = 25478, upload-time = "2026-07-14T09:56:16.926Z" },
]

[[package]]
name = "backend"
version = "0.1.0"
source = { virtual = "." }
dependencies = [
    { name = "dj-database-url" },
    { name = "dj-rest-auth" },
    { name = "django" },
    { name = "django-cors-headers" },
    { name = "djangorestframework" },
    { name = "djangorestframework-simplejwt" },
    { name = "psycopg", extra = ["binary"] },
    { name = "python-dotenv" },
]

[package.dev-dependencies]
dev = [
    { name = "django-silk" },
    { name = "factory-boy" },
    { name = "faker" },
]

[package.metadata]
requires-dist = [
    { name = "dj-database-url", specifier = ">=3.1.2" },
    { name = "dj-rest-auth", specifier = ">=7.2.0" },
    { name = "django", specifier = ">=6.0.7" },
    { name = "django-cors-headers", specifier = ">=4.9.0" },
    { name = "djangorestframework", specifier = ">=3.17.1" },
    { name = "djangorestframework-simplejwt", specifier = ">=5.5.1" },
    { name = "psycopg", extras = ["binary"], specifier = ">=3.3.4" },
    { name = "python-dotenv", specifier = ">=1.2.2" },
]

[package.metadata.requires-dev]
dev = [
    { name = "django-silk", specifier = ">=5.5.0" },
    { name = "factory-boy", specifier = ">=3.3.3" },
    { name = "faker", specifier = ">=40.32.0" },
]

[[package]]
name = "dj-database-url"
version = "3.1.2"
source = { registry = "https://pypi.org/simple" }
dependencies = [
    { name = "django" },
]
sdist = { url = "https://files.pythonhosted.org/packages/03/f6/00b625e9d371b980aa261011d0dc906a16444cb688f94215e0dc86996eb5/dj_database_url-3.1.2.tar.gz", hash = "sha256:63c20e4bbaa51690dfd4c8d189521f6bf6bc9da9fcdb23d95d2ee8ee87f9ec62", size = 11490, upload-time = "2026-02-19T15:30:23.638Z" }
wheels = [
    { url = "https://files.pythonhosted.org/packages/cf/a9/57c66006373381f1d3e5bd94216f1d371228a89f443d3030e010f73dd198/dj_database_url-3.1.2-py3-none-any.whl", hash = "sha256:544e015fee3efa5127a1eb1cca465f4ace578265b3671fe61d0ed7dbafb5ec8a", size = 8953, upload-time = "2026-02-19T15:30:39.37Z" },
]

[[package]]
name = "dj-rest-auth"
version = "7.2.0"
source = { registry = "https://pypi.org/simple" }
dependencies = [
    { name = "django" },
    { name = "djangorestframework" },
]
sdist = { url = "https://files.pythonhosted.org/packages/14/fd/c8a185a98f6860b802dc5e663c652efc01cd68f4e046c65f8cb9328c0077/dj_rest_auth-7.2.0.tar.gz", hash = "sha256:f77af37da5cf6ee28f03f283a378a2f5761860e72d1d6f2fa3d50e6286000482", size = 490126, upload-time = "2026-03-15T04:05:39.272Z" }

[[package]]
name = "django"
version = "6.0.7"
source = { registry = "https://pypi.org/simple" }
dependencies = [
    { name = "asgiref" },
    { name = "sqlparse" },
    { name = "tzdata", marker = "sys_platform == 'win32'" },
]
sdist = { url = "https://files.pythonhosted.org/packages/89/55/664f24ff81c9ea19cb7dfc851afeae1f3c2390c7aee01d4ded68b5c1580d/django-6.0.7.tar.gz", hash = "sha256:2998503fc083124fb58037084bfa00de323c7c743f05f1b4284e77bff0ab8890", size = 10921299, upload-time = "2026-07-07T13:51:26.485Z" }
wheels = [
    { url = "https://files.pythonhosted.org/packages/ba/ec/1ce5334b6a2c52ce619c23a0be8d366a57a0e080ebb2d88266e5c849157c/django-6.0.7-py3-none-any.whl", hash = "sha256:a037427c2288443a8c02a1b02295a31c239663aa682bc50b1976afb7cf6a769e", size = 8373344, upload-time = "2026-07-07T13:51:20.007Z" },
]

[[package]]
name = "django-cors-headers"
version = "4.9.0"
source = { registry = "https://pypi.org/simple" }
dependencies = [
    { name = "asgiref" },
    { name = "django" },
]
sdist = { url = "https://files.pythonhosted.org/packages/21/39/55822b15b7ec87410f34cd16ce04065ff390e50f9e29f31d6d116fc80456/django_cors_headers-4.9.0.tar.gz", hash = "sha256:fe5d7cb59fdc2c8c646ce84b727ac2bca8912a247e6e68e1fb507372178e59e8", size = 21458, upload-time = "2025-09-18T10:40:52.326Z" }
wheels = [
    { url = "https://files.pythonhosted.org/packages/30/d8/19ed1e47badf477d17fb177c1c19b5a21da0fd2d9f093f23be3fb86c5fab/django_cors_headers-4.9.0-py3-none-any.whl", hash = "sha256:15c7f20727f90044dcee2216a9fd7303741a864865f0c3657e28b7056f61b449", size = 12809, upload-time = "2025-09-18T10:40:50.843Z" },
]

[[package]]
name = "django-silk"
version = "5.5.0"
source = { registry = "https://pypi.org/simple" }
dependencies = [
    { name = "django" },
    { name = "gprof2dot" },
    { name = "sqlparse" },
]
sdist = { url = "https://files.pythonhosted.org/packages/9c/3e/db3bda7cf1327aa3800d32dca80f0d077954b52f61dc32cf76f605a28767/django_silk-5.5.0.tar.gz", hash = "sha256:41fcabe65d59d31ccdb69daeb3c3e6d30879ab2c00b0875b111fda0f69aec065", size = 4495794, upload-time = "2026-03-08T05:00:57.663Z" }
wheels = [
    { url = "https://files.pythonhosted.org/packages/b0/54/c56950e8b9279d2c6156d46571a64c1a808c07bddde571819e2bdbb8d5e3/django_silk-5.5.0-py3-none-any.whl", hash = "sha256:82b5a690d623935be916dd145e2f605a4ac9454d54e03df6a7ffcf38333c8444", size = 1944887, upload-time = "2026-03-08T05:01:13.646Z" },
]

[[package]]
name = "djangorestframework"
version = "3.17.1"
source = { registry = "https://pypi.org/simple" }
dependencies = [
    { name = "django" },
]
sdist = { url = "https://files.pythonhosted.org/packages/ca/d7/c016e69fac19ff8afdc89db9d31d9ae43ae031e4d1993b20aca179b8301a/djangorestframework-3.17.1.tar.gz", hash = "sha256:a6def5f447fe78ff853bff1d47a3c59bf38f5434b031780b351b0c73a62db1a5", size = 905742, upload-time = "2026-03-24T16:58:33.705Z" }
wheels = [
    { url = "https://files.pythonhosted.org/packages/5a/e1/2c516bdc83652b1a60c6119366ac2c0607b479ed05cd6093f916ca8928f8/djangorestframework-3.17.1-py3-none-any.whl", hash = "sha256:c3c74dd3e83a5a3efc37b3c18d92bd6f86a6791c7b7d4dff62bb068500e76457", size = 898844, upload-time = "2026-03-24T16:58:31.845Z" },
]

[[package]]
name = "djangorestframework-simplejwt"
version = "5.5.1"
source = { registry = "https://pypi.org/simple" }
dependencies = [
    { name = "django" },
    { name = "djangorestframework" },
    { name = "pyjwt" },
]
sdist = { url = "https://files.pythonhosted.org/packages/a8/27/2874a325c11112066139769f7794afae238a07ce6adf96259f08fd37a9d7/djangorestframework_simplejwt-5.5.1.tar.gz", hash = "sha256:e72c5572f51d7803021288e2057afcbd03f17fe11d484096f40a460abc76e87f", size = 101265, upload-time = "2025-07-21T16:52:25.026Z" }
wheels = [
    { url = "https://files.pythonhosted.org/packages/60/94/fdfb7b2f0b16cd3ed4d4171c55c1c07a2d1e3b106c5978c8ad0c15b4a48b/djangorestframework_simplejwt-5.5.1-py3-none-any.whl", hash = "sha256:2c30f3707053d384e9f315d11c2daccfcb548d4faa453111ca19a542b732e469", size = 107674, upload-time = "2025-07-21T16:52:07.493Z" },
]

[[package]]
name = "factory-boy"
version = "3.3.3"
source = { registry = "https://pypi.org/simple" }
dependencies = [
    { name = "faker" },
]
sdist = { url = "https://files.pythonhosted.org/packages/ba/98/75cacae9945f67cfe323829fc2ac451f64517a8a330b572a06a323997065/factory_boy-3.3.3.tar.gz", hash = "sha256:866862d226128dfac7f2b4160287e899daf54f2612778327dd03d0e2cb1e3d03", size = 164146, upload-time = "2025-02-03T09:49:04.433Z" }
wheels = [
    { url = "https://files.pythonhosted.org/packages/27/8d/2bc5f5546ff2ccb3f7de06742853483ab75bf74f36a92254702f8baecc79/factory_boy-3.3.3-py2.py3-none-any.whl", hash = "sha256:1c39e3289f7e667c4285433f305f8d506efc2fe9c73aaea4151ebd5cdea394fc", size = 37036, upload-time = "2025-02-03T09:49:01.659Z" },
]

[[package]]
name = "faker"
version = "40.32.0"
source = { registry = "https://pypi.org/simple" }
dependencies = [
    { name = "tzdata", marker = "sys_platform == 'win32'" },
]
sdist = { url = "https://files.pythonhosted.org/packages/42/cd/bfa4f0a397c4d34f5b6c8e7ac02832f9be5679a1f0c9a7642f2338e85a4e/faker-40.32.0.tar.gz", hash = "sha256:78271bfa3a0e982f1b90e1345b2b8f4a04a132864e0372262074e60c2cddd4ef", size = 2024472, upload-time = "2026-07-20T21:40:12.278Z" }
wheels = [
    { url = "https://files.pythonhosted.org/packages/8a/d1/2df16a41d5e3521442ac8713d0488235d54bb81a09d4fd1159e6dd7f3a41/faker-40.32.0-py3-none-any.whl", hash = "sha256:2fd913ad02dabbea84d729937db68f9ca9773dce93cec45f1fd6fe0fd1b41840", size = 2062161, upload-time = "2026-07-20T21:40:10.436Z" },
]

[[package]]
name = "gprof2dot"
version = "2025.4.14"
source = { registry = "https://pypi.org/simple" }
sdist = { url = "https://files.pythonhosted.org/packages/bb/fd/cad13fa1f7a463a607176432c4affa33ea162f02f58cc36de1d40d3e6b48/gprof2dot-2025.4.14.tar.gz", hash = "sha256:35743e2d2ca027bf48fa7cba37021aaf4a27beeae1ae8e05a50b55f1f921a6ce", size = 39536, upload-time = "2025-04-14T07:21:45.76Z" }
wheels = [
    { url = "https://files.pythonhosted.org/packages/71/ed/89d760cb25279109b89eb52975a7b5479700d3114a2421ce735bfb2e7513/gprof2dot-2025.4.14-py3-none-any.whl", hash = "sha256:0742e4c0b4409a5e8777e739388a11e1ed3750be86895655312ea7c20bd0090e", size = 37555, upload-time = "2025-04-14T07:21:43.319Z" },
]

[[package]]
name = "psycopg"
version = "3.3.4"
source = { registry = "https://pypi.org/simple" }
dependencies = [
    { name = "tzdata", marker = "sys_platform == 'win32'" },
]
sdist = { url = "https://files.pythonhosted.org/packages/db/2f/cb91e5502ec9de1de6f1b76cfbf69531932725361168bb06963620c77e2e/psycopg-3.3.4.tar.gz", hash = "sha256:e21207764952cff81b6b8bdacad9a3939f2793367fdac2987b3aac36a651b5bc", size = 165799, upload-time = "2026-05-01T23:31:55.179Z" }
wheels = [
    { url = "https://files.pythonhosted.org/packages/5c/e0/7b3dee031daae7743609ce3c746565d4a3ed7c2c186479eb48e34e838c64/psycopg-3.3.4-py3-none-any.whl", hash = "sha256:b6bbc25ccf05c8fad3b061d9db2ef0909a555171b84b07f29458a447253d679a", size = 213001, upload-time = "2026-05-01T23:20:50.816Z" },
]

[package.optional-dependencies]
binary = [
    { name = "psycopg-binary", marker = "implementation_name != 'pypy'" },
]

[[package]]
name = "psycopg-binary"
version = "3.3.4"
source = { registry = "https://pypi.org/simple" }
wheels = [
    { url = "https://files.pythonhosted.org/packages/48/a6/828c9185701dab71b234c2a76c38a08b098ebfec5020716b4e93807492b5/psycopg_binary-3.3.4-cp314-cp314-macosx_10_15_x86_64.whl", hash = "sha256:28b7398fdd19db3232c884fb24550bdfe951221f510e195e233299e4c9b78f97", size = 4607292, upload-time = "2026-05-01T23:30:38.962Z" },
    { url = "https://files.pythonhosted.org/packages/92/58/5b40dbc9d839045c9dae956960e4fb6d20bcabe6c59a2aa34fc3a371913f/psycopg_binary-3.3.4-cp314-cp314-macosx_11_0_arm64.whl", hash = "sha256:1fbaa292a3c8bb61b45df1ad3da1908ccee7cb889db9425e3557d9e34e2a4829", size = 4687023, upload-time = "2026-05-01T23:30:47.227Z" },
    { url = "https://files.pythonhosted.org/packages/85/a9/793f0ac107a9003b48441d0d1f9f616d96e0f37458dd8dc12528ceff55fb/psycopg_binary-3.3.4-cp314-cp314-manylinux2014_ppc64le.manylinux_2_17_ppc64le.whl", hash = "sha256:94596f9e7633ee3f6440711d43bb70aa31cc0a46a900ab8b4201a366ace5c9e7", size = 5486985, upload-time = "2026-05-01T23:30:55.517Z" },
    { url = "https://files.pythonhosted.org/packages/8f/26/42e8533497e2592334f68ec529cf5f840f7fa4e99575a4bb61aa184dbfbf/psycopg_binary-3.3.4-cp314-cp314-manylinux2014_x86_64.manylinux_2_17_x86_64.whl", hash = "sha256:8c0056529e68dbe9184cd4019a1f3d8f3a4ead2f6fc7a5afcf27d3314edd1277", size = 5168745, upload-time = "2026-05-01T23:31:01.904Z" },
    { url = "https://files.pythonhosted.org/packages/15/af/b7151776cc08d5935d45c833ec818a9beb417cf7c08239af1aafbdae78ee/psycopg_binary-3.3.4-cp314-cp314-manylinux_2_27_aarch64.manylinux_2_28_aarch64.whl", hash = "sha256:2c09aad7051326e7603c14e50636db9c01f78272dc54b3accff03d46370461e6", size = 6761486, upload-time = "2026-05-01T23:31:14.511Z" },
    { url = "https://files.pythonhosted.org/packages/d0/ed/c92533b9124712d592cbf1cd6c76da933a2e0acea81dfe1fbe7e735f0cff/psycopg_binary-3.3.4-cp314-cp314-manylinux_2_38_riscv64.manylinux_2_39_riscv64.whl", hash = "sha256:514404ed543efd620c85602b747df2a23cf1241b4067199e1a66f2d2757aaa41", size = 4997427, upload-time = "2026-05-01T23:31:20.901Z" },
    { url = "https://files.pythonhosted.org/packages/a2/23/ccadfd0de416aa188356daa199453af24087b042e296088706d190ae0295/psycopg_binary-3.3.4-cp314-cp314-musllinux_1_2_aarch64.whl", hash = "sha256:46893c26858be12cc49ca4226ed6a60b4bfccadd946b3bebb783a60b38788228", size = 4533549, upload-time = "2026-05-01T23:31:26.204Z" },
    { url = "https://files.pythonhosted.org/packages/fd/a0/c8f43cee36386f7bc891ab41a9d31ea07cf9826038e732da79f26b1e5f34/psycopg_binary-3.3.4-cp314-cp314-musllinux_1_2_ppc64le.whl", hash = "sha256:df1d567fc430f6df15c9fcf67d87685fc49bdb325adc0db5af1adfb2f44eb5c9", size = 4210256, upload-time = "2026-05-01T23:31:33.884Z" },
    { url = "https://files.pythonhosted.org/packages/4e/2c/c1547871be3790676e8868b38655496422f94f0978dfb66b74bdba2f1676/psycopg_binary-3.3.4-cp314-cp314-musllinux_1_2_riscv64.whl", hash = "sha256:6b9016b1714da4dd5ecaaa75b82098aa5a0b87854ce9b092e21c27c4ae23e014", size = 3946204, upload-time = "2026-05-01T23:31:39.626Z" },
    { url = "https://files.pythonhosted.org/packages/c4/b1/f6670f00fa7ea601584623f6c11602ab92117d83eaff885e0210f6de7418/psycopg_binary-3.3.4-cp314-cp314-musllinux_1_2_x86_64.whl", hash = "sha256:47c656a8a7ba6eb0cff1801a4caaa9c8bdc12d03080e273aff1c8ac39971a77e", size = 4255811, upload-time = "2026-05-01T23:31:44.986Z" },
    { url = "https://files.pythonhosted.org/packages/eb/e6/5fff07a70d1f945ed90ae131c3bd76cab32beff7c58c6db15ad5820b6d1f/psycopg_binary-3.3.4-cp314-cp314-win_amd64.whl", hash = "sha256:c37e024c07308cd06cf3ec51bfd0e7f6157585a4d84d1bce4a7f5f7913719bf8", size = 3666849, upload-time = "2026-05-01T23:31:51.165Z" },
]

[[package]]
name = "pyjwt"
version = "2.13.0"
source = { registry = "https://pypi.org/simple" }
sdist = { url = "https://files.pythonhosted.org/packages/3b/81/58d0ac84e1ef3a3843791d6954d94c0b33d526c75eeb1efbce9d0a4c4077/pyjwt-2.13.0.tar.gz", hash = "sha256:41571c89ca91598c79e8ef18a2d07367d4810fbbd6f637794879baf1b7703423", size = 107515, upload-time = "2026-05-21T19:54:36.618Z" }
wheels = [
    { url = "https://files.pythonhosted.org/packages/a3/5e/ecf12fdb62546d64385c158514e9b2b671f7832108ef2ecd2020ce0af2d1/pyjwt-2.13.0-py3-none-any.whl", hash = "sha256:66adcc2aff09b3f1bbd95fc1e1577df8ac8723c978552fd43304c8a290ac5728", size = 31274, upload-time = "2026-05-21T19:54:35.362Z" },
]

[[package]]
name = "python-dotenv"
version = "1.2.2"
source = { registry = "https://pypi.org/simple" }
sdist = { url = "https://files.pythonhosted.org/packages/82/ed/0301aeeac3e5353ef3d94b6ec08bbcabd04a72018415dcb29e588514bba8/python_dotenv-1.2.2.tar.gz", hash = "sha256:2c371a91fbd7ba082c2c1dc1f8bf89ca22564a087c2c287cd9b662adde799cf3", size = 50135, upload-time = "2026-03-01T16:00:26.196Z" }
wheels = [
    { url = "https://files.pythonhosted.org/packages/0b/d7/1959b9648791274998a9c3526f6d0ec8fd2233e4d4acce81bbae76b44b2a/python_dotenv-1.2.2-py3-none-any.whl", hash = "sha256:1d8214789a24de455a8b8bd8ae6fe3c6b69a5e3d64aa8a8e5d68e694bbcb285a", size = 22101, upload-time = "2026-03-01T16:00:25.09Z" },
]

[[package]]
name = "sqlparse"
version = "0.5.5"
source = { registry = "https://pypi.org/simple" }
sdist = { url = "https://files.pythonhosted.org/packages/90/76/437d71068094df0726366574cf3432a4ed754217b436eb7429415cf2d480/sqlparse-0.5.5.tar.gz", hash = "sha256:e20d4a9b0b8585fdf63b10d30066c7c94c5d7a7ec47c889a2d83a3caa93ff28e", size = 120815, upload-time = "2025-12-19T07:17:45.073Z" }
wheels = [
    { url = "https://files.pythonhosted.org/packages/49/4b/359f28a903c13438ef59ebeee215fb25da53066db67b305c125f1c6d2a25/sqlparse-0.5.5-py3-none-any.whl", hash = "sha256:12a08b3bf3eec877c519589833aed092e2444e68240a3577e8e26148acc7b1ba", size = 46138, upload-time = "2025-12-19T07:17:46.573Z" },
]

[[package]]
name = "tzdata"
version = "2026.3"
source = { registry = "https://pypi.org/simple" }
sdist = { url = "https://files.pythonhosted.org/packages/92/ff/5a28bdfd8c3ebec42564ac7d0e54ca3db65044a9314a97f9564fa7a1e926/tzdata-2026.3.tar.gz", hash = "sha256:4a1518b8993086a7982523e071643f3c0e5f213e75b21318e78bcabfff9d1415", size = 198674, upload-time = "2026-07-10T08:50:37.887Z" }
wheels = [
    { url = "https://files.pythonhosted.org/packages/e5/6d/b53b99a9f2766d095985947a5782f1702cabb129a34f7a802d7197af832f/tzdata-2026.3-py2.py3-none-any.whl", hash = "sha256:dc096730c87af6cab1b171c9d532be840741ff5d459015e7f6947bd7d7e54931", size = 348168, upload-time = "2026-07-10T08:50:36.46Z" },
]
